
Microsoft Visual Studio Solution File, Format Version 12.00
# Visual Studio Version 17
VisualStudioVersion = 17.13.35919.96 d17.13
MinimumVisualStudioVersion = 10.0.40219.1
Project("{FAE04EC0-301F-11D3-BF4B-00C04F79EFBC}") = "Conditionals", "Conditionals\Conditionals.csproj", "{2A574E56-501B-4E92-83A5-4C99025835DD}"
EndProject
Global
	GlobalSection(SolutionConfigurationPlatforms) = preSolution
		Debug|Any CPU = Debug|Any CPU
		Release|Any CPU = Release|Any CPU
	EndGlobalSection
	GlobalSection(ProjectConfigurationPlatforms) = postSolution
		{2A574E56-501B-4E92-83A5-4C99025835DD}.Debug|Any CPU.ActiveCfg = Debug|Any CPU
		{2A574E56-501B-4E92-83A5-4C99025835DD}.Debug|Any CPU.Build.0 = Debug|Any CPU
		{2A574E56-501B-4E92-83A5-4C99025835DD}.Release|Any CPU.ActiveCfg = Release|Any CPU
		{2A574E56-501B-4E92-83A5-4C99025835DD}.Release|Any CPU.Build.0 = Release|Any CPU
	EndGlobalSection
	GlobalSection(SolutionProperties) = preSolution
		HideSolutionNode = FALSE
	EndGlobalSection
	GlobalSection(ExtensibilityGlobals) = postSolution
		SolutionGuid = {BC683109-321D-4EFF-A542-537F261BDBC2}
	EndGlobalSection
EndGlobal
