
Microsoft Visual Studio Solution File, Format Version 12.00
# Visual Studio Version 17
VisualStudioVersion = 17.13.35919.96 d17.13
MinimumVisualStudioVersion = 10.0.40219.1
Project("{FAE04EC0-301F-11D3-BF4B-00C04F79EFBC}") = "StringBuilderTest", "StringBuilderTest\StringBuilderTest.csproj", "{C566CBCB-6889-47C2-94B7-27411031F843}"
EndProject
Global
	GlobalSection(SolutionConfigurationPlatforms) = preSolution
		Debug|Any CPU = Debug|Any CPU
		Release|Any CPU = Release|Any CPU
	EndGlobalSection
	GlobalSection(ProjectConfigurationPlatforms) = postSolution
		{C566CBCB-6889-47C2-94B7-27411031F843}.Debug|Any CPU.ActiveCfg = Debug|Any CPU
		{C566CBCB-6889-47C2-94B7-27411031F843}.Debug|Any CPU.Build.0 = Debug|Any CPU
		{C566CBCB-6889-47C2-94B7-27411031F843}.Release|Any CPU.ActiveCfg = Release|Any CPU
		{C566CBCB-6889-47C2-94B7-27411031F843}.Release|Any CPU.Build.0 = Release|Any CPU
	EndGlobalSection
	GlobalSection(SolutionProperties) = preSolution
		HideSolutionNode = FALSE
	EndGlobalSection
	GlobalSection(ExtensibilityGlobals) = postSolution
		SolutionGuid = {BD32A88B-45E3-45A2-850C-E5474BF3084D}
	EndGlobalSection
EndGlobal
